{
  "requires": true,
  "lockfileVersion": 1,
  "dependencies": {
    "@qiun/ucharts": {
      "version": "2.4.5-20221130",
      "resolved": "https://registry.npmjs.org/@qiun/ucharts/-/ucharts-2.4.5-20221130.tgz",
      "integrity": "sha512-S6A9SsHgxyx9wV/nejXhb8iI20AI3IMVnJ3qZ94W5EoqmSuqqgVzpTfn0lDbfnFehMnM2iKeeu1xUVxbkB/Nbg=="
    }
  }
}
